
Microsoft Visual Studio Solution File, Format Version 12.00
# Visual Studio Version 17
VisualStudioVersion = 17.13.35913.81 d17.13
MinimumVisualStudioVersion = 10.0.40219.1
Project("{FAE04EC0-301F-11D3-BF4B-00C04F79EFBC}") = "AlgorithmTester.API", "AlgorithmTester.API\AlgorithmTester.API.csproj", "{E27C638A-54BD-41C1-AE35-DDE51162AC46}"
EndProject
Global
	GlobalSection(SolutionConfigurationPlatforms) = preSolution
		Debug|Any CPU = Debug|Any CPU
		Release|Any CPU = Release|Any CPU
	EndGlobalSection
	GlobalSection(ProjectConfigurationPlatforms) = postSolution
		{E27C638A-54BD-41C1-AE35-DDE51162AC46}.Debug|Any CPU.ActiveCfg = Debug|Any CPU
		{E27C638A-54BD-41C1-AE35-DDE51162AC46}.Debug|Any CPU.Build.0 = Debug|Any CPU
		{E27C638A-54BD-41C1-AE35-DDE51162AC46}.Release|Any CPU.ActiveCfg = Release|Any CPU
		{E27C638A-54BD-41C1-AE35-DDE51162AC46}.Release|Any CPU.Build.0 = Release|Any CPU
	EndGlobalSection
	GlobalSection(SolutionProperties) = preSolution
		HideSolutionNode = FALSE
	EndGlobalSection
	GlobalSection(ExtensibilityGlobals) = postSolution
		SolutionGuid = {86B66C53-CC57-420C-9F56-7BE398AAFB08}
	EndGlobalSection
EndGlobal
